
Microsoft Visual Studio Solution File, Format Version 12.00
# Visual Studio 14
VisualStudioVersion = 14.0.25420.1
MinimumVisualStudioVersion = 10.0.40219.1
Project("{D954291E-2A0B-460D-934E-DC6B0785DB48}") = "Xtrade", "Xtrade\Xtrade\Xtrade.shproj", "{DC4D1F90-EC8B-465D-ADF6-B840CA5000CD}"
EndProject
Project("{FAE04EC0-301F-11D3-BF4B-00C04F79EFBC}") = "Xtrade.Droid", "Xtrade\Xtrade.Droid\Xtrade.Droid.csproj", "{59DE4977-8C79-48FD-8274-FF4035D18D6D}"
EndProject
Project("{FAE04EC0-301F-11D3-BF4B-00C04F79EFBC}") = "Xtrade.iOS", "Xtrade\Xtrade.iOS\Xtrade.iOS.csproj", "{2B0EC857-29A8-4F8E-A946-99E148FB2FF4}"
EndProject
Global
	GlobalSection(SharedMSBuildProjectFiles) = preSolution
		Xtrade\Xtrade\Xtrade.projitems*{2b0ec857-29a8-4f8e-a946-99e148fb2ff4}*SharedItemsImports = 4
		Xtrade\Xtrade\Xtrade.projitems*{59de4977-8c79-48fd-8274-ff4035d18d6d}*SharedItemsImports = 4
		Xtrade\Xtrade\Xtrade.projitems*{dc4d1f90-ec8b-465d-adf6-b840ca5000cd}*SharedItemsImports = 13
	EndGlobalSection
	GlobalSection(SolutionConfigurationPlatforms) = preSolution
		Ad-Hoc|Any CPU = Ad-Hoc|Any CPU
		Ad-Hoc|ARM = Ad-Hoc|ARM
		Ad-Hoc|iPhone = Ad-Hoc|iPhone
		Ad-Hoc|iPhoneSimulator = Ad-Hoc|iPhoneSimulator
		Ad-Hoc|x64 = Ad-Hoc|x64
		Ad-Hoc|x86 = Ad-Hoc|x86
		AppStore|Any CPU = AppStore|Any CPU
		AppStore|ARM = AppStore|ARM
		AppStore|iPhone = AppStore|iPhone
		AppStore|iPhoneSimulator = AppStore|iPhoneSimulator
		AppStore|x64 = AppStore|x64
		AppStore|x86 = AppStore|x86
		Debug|Any CPU = Debug|Any CPU
		Debug|ARM = Debug|ARM
		Debug|iPhone = Debug|iPhone
		Debug|iPhoneSimulator = Debug|iPhoneSimulator
		Debug|x64 = Debug|x64
		Debug|x86 = Debug|x86
		Release|Any CPU = Release|Any CPU
		Release|ARM = Release|ARM
		Release|iPhone = Release|iPhone
		Release|iPhoneSimulator = Release|iPhoneSimulator
		Release|x64 = Release|x64
		Release|x86 = Release|x86
	EndGlobalSection
	GlobalSection(ProjectConfigurationPlatforms) = postSolution
		{59DE4977-8C79-48FD-8274-FF4035D18D6D}.Ad-Hoc|Any CPU.ActiveCfg = Release|Any CPU
		{59DE4977-8C79-48FD-8274-FF4035D18D6D}.Ad-Hoc|Any CPU.Build.0 = Release|Any CPU
		{59DE4977-8C79-48FD-8274-FF4035D18D6D}.Ad-Hoc|Any CPU.Deploy.0 = Release|Any CPU
		{59DE4977-8C79-48FD-8274-FF4035D18D6D}.Ad-Hoc|ARM.ActiveCfg = Release|Any CPU
		{59DE4977-8C79-48FD-8274-FF4035D18D6D}.Ad-Hoc|ARM.Build.0 = Release|Any CPU
		{59DE4977-8C79-48FD-8274-FF4035D18D6D}.Ad-Hoc|ARM.Deploy.0 = Release|Any CPU
		{59DE4977-8C79-48FD-8274-FF4035D18D6D}.Ad-Hoc|iPhone.ActiveCfg = Release|Any CPU
		{59DE4977-8C79-48FD-8274-FF4035D18D6D}.Ad-Hoc|iPhone.Build.0 = Release|Any CPU
		{59DE4977-8C79-48FD-8274-FF4035D18D6D}.Ad-Hoc|iPhone.Deploy.0 = Release|Any CPU
		{59DE4977-8C79-48FD-8274-FF4035D18D6D}.Ad-Hoc|iPhoneSimulator.ActiveCfg = Release|Any CPU
		{59DE4977-8C79-48FD-8274-FF4035D18D6D}.Ad-Hoc|iPhoneSimulator.Build.0 = Release|Any CPU
		{59DE4977-8C79-48FD-8274-FF4035D18D6D}.Ad-Hoc|iPhoneSimulator.Deploy.0 = Release|Any CPU
		{59DE4977-8C79-48FD-8274-FF4035D18D6D}.Ad-Hoc|x64.ActiveCfg = Release|Any CPU
		{59DE4977-8C79-48FD-8274-FF4035D18D6D}.Ad-Hoc|x64.Build.0 = Release|Any CPU
		{59DE4977-8C79-48FD-8274-FF4035D18D6D}.Ad-Hoc|x64.Deploy.0 = Release|Any CPU
		{59DE4977-8C79-48FD-8274-FF4035D18D6D}.Ad-Hoc|x86.ActiveCfg = Release|Any CPU
		{59DE4977-8C79-48FD-8274-FF4035D18D6D}.Ad-Hoc|x86.Build.0 = Release|Any CPU
		{59DE4977-8C79-48FD-8274-FF4035D18D6D}.Ad-Hoc|x86.Deploy.0 = Release|Any CPU
		{59DE4977-8C79-48FD-8274-FF4035D18D6D}.AppStore|Any CPU.ActiveCfg = Release|Any CPU
		{59DE4977-8C79-48FD-8274-FF4035D18D6D}.AppStore|Any CPU.Build.0 = Release|Any CPU
		{59DE4977-8C79-48FD-8274-FF4035D18D6D}.AppStore|Any CPU.Deploy.0 = Release|Any CPU
		{59DE4977-8C79-48FD-8274-FF4035D18D6D}.AppStore|ARM.ActiveCfg = Release|Any CPU
		{59DE4977-8C79-48FD-8274-FF4035D18D6D}.AppStore|ARM.Build.0 = Release|Any CPU
		{59DE4977-8C79-48FD-8274-FF4035D18D6D}.AppStore|ARM.Deploy.0 = Release|Any CPU
		{59DE4977-8C79-48FD-8274-FF4035D18D6D}.AppStore|iPhone.ActiveCfg = Release|Any CPU
		{59DE4977-8C79-48FD-8274-FF4035D18D6D}.AppStore|iPhone.Build.0 = Release|Any CPU
		{59DE4977-8C79-48FD-8274-FF4035D18D6D}.AppStore|iPhone.Deploy.0 = Release|Any CPU
		{59DE4977-8C79-48FD-8274-FF4035D18D6D}.AppStore|iPhoneSimulator.ActiveCfg = Release|Any CPU
		{59DE4977-8C79-48FD-8274-FF4035D18D6D}.AppStore|iPhoneSimulator.Build.0 = Release|Any CPU
		{59DE4977-8C79-48FD-8274-FF4035D18D6D}.AppStore|iPhoneSimulator.Deploy.0 = Release|Any CPU
		{59DE4977-8C79-48FD-8274-FF4035D18D6D}.AppStore|x64.ActiveCfg = Release|Any CPU
		{59DE4977-8C79-48FD-8274-FF4035D18D6D}.AppStore|x64.Build.0 = Release|Any CPU
		{59DE4977-8C79-48FD-8274-FF4035D18D6D}.AppStore|x64.Deploy.0 = Release|Any CPU
		{59DE4977-8C79-48FD-8274-FF4035D18D6D}.AppStore|x86.ActiveCfg = Release|Any CPU
		{59DE4977-8C79-48FD-8274-FF4035D18D6D}.AppStore|x86.Build.0 = Release|Any CPU
		{59DE4977-8C79-48FD-8274-FF4035D18D6D}.AppStore|x86.Deploy.0 = Release|Any CPU
		{59DE4977-8C79-48FD-8274-FF4035D18D6D}.Debug|Any CPU.ActiveCfg = Debug|Any CPU
		{59DE4977-8C79-48FD-8274-FF4035D18D6D}.Debug|Any CPU.Build.0 = Debug|Any CPU
		{59DE4977-8C79-48FD-8274-FF4035D18D6D}.Debug|Any CPU.Deploy.0 = Debug|Any CPU
		{59DE4977-8C79-48FD-8274-FF4035D18D6D}.Debug|ARM.ActiveCfg = Debug|Any CPU
		{59DE4977-8C79-48FD-8274-FF4035D18D6D}.Debug|ARM.Build.0 = Debug|Any CPU
		{59DE4977-8C79-48FD-8274-FF4035D18D6D}.Debug|ARM.Deploy.0 = Debug|Any CPU
		{59DE4977-8C79-48FD-8274-FF4035D18D6D}.Debug|iPhone.ActiveCfg = Debug|Any CPU
		{59DE4977-8C79-48FD-8274-FF4035D18D6D}.Debug|iPhone.Build.0 = Debug|Any CPU
		{59DE4977-8C79-48FD-8274-FF4035D18D6D}.Debug|iPhone.Deploy.0 = Debug|Any CPU
		{59DE4977-8C79-48FD-8274-FF4035D18D6D}.Debug|iPhoneSimulator.ActiveCfg = Debug|Any CPU
		{59DE4977-8C79-48FD-8274-FF4035D18D6D}.Debug|iPhoneSimulator.Build.0 = Debug|Any CPU
		{59DE4977-8C79-48FD-8274-FF4035D18D6D}.Debug|iPhoneSimulator.Deploy.0 = Debug|Any CPU
		{59DE4977-8C79-48FD-8274-FF4035D18D6D}.Debug|x64.ActiveCfg = Debug|Any CPU
		{59DE4977-8C79-48FD-8274-FF4035D18D6D}.Debug|x64.Build.0 = Debug|Any CPU
		{59DE4977-8C79-48FD-8274-FF4035D18D6D}.Debug|x64.Deploy.0 = Debug|Any CPU
		{59DE4977-8C79-48FD-8274-FF4035D18D6D}.Debug|x86.ActiveCfg = Debug|Any CPU
		{59DE4977-8C79-48FD-8274-FF4035D18D6D}.Debug|x86.Build.0 = Debug|Any CPU
		{59DE4977-8C79-48FD-8274-FF4035D18D6D}.Debug|x86.Deploy.0 = Debug|Any CPU
		{59DE4977-8C79-48FD-8274-FF4035D18D6D}.Release|Any CPU.ActiveCfg = Release|Any CPU
		{59DE4977-8C79-48FD-8274-FF4035D18D6D}.Release|Any CPU.Build.0 = Release|Any CPU
		{59DE4977-8C79-48FD-8274-FF4035D18D6D}.Release|Any CPU.Deploy.0 = Release|Any CPU
		{59DE4977-8C79-48FD-8274-FF4035D18D6D}.Release|ARM.ActiveCfg = Release|Any CPU
		{59DE4977-8C79-48FD-8274-FF4035D18D6D}.Release|ARM.Build.0 = Release|Any CPU
		{59DE4977-8C79-48FD-8274-FF4035D18D6D}.Release|ARM.Deploy.0 = Release|Any CPU
		{59DE4977-8C79-48FD-8274-FF4035D18D6D}.Release|iPhone.ActiveCfg = Release|Any CPU
		{59DE4977-8C79-48FD-8274-FF4035D18D6D}.Release|iPhone.Build.0 = Release|Any CPU
		{59DE4977-8C79-48FD-8274-FF4035D18D6D}.Release|iPhone.Deploy.0 = Release|Any CPU
		{59DE4977-8C79-48FD-8274-FF4035D18D6D}.Release|iPhoneSimulator.ActiveCfg = Release|Any CPU
		{59DE4977-8C79-48FD-8274-FF4035D18D6D}.Release|iPhoneSimulator.Build.0 = Release|Any CPU
		{59DE4977-8C79-48FD-8274-FF4035D18D6D}.Release|iPhoneSimulator.Deploy.0 = Release|Any CPU
		{59DE4977-8C79-48FD-8274-FF4035D18D6D}.Release|x64.ActiveCfg = Release|Any CPU
		{59DE4977-8C79-48FD-8274-FF4035D18D6D}.Release|x64.Build.0 = Release|Any CPU
		{59DE4977-8C79-48FD-8274-FF4035D18D6D}.Release|x64.Deploy.0 = Release|Any CPU
		{59DE4977-8C79-48FD-8274-FF4035D18D6D}.Release|x86.ActiveCfg = Release|Any CPU
		{59DE4977-8C79-48FD-8274-FF4035D18D6D}.Release|x86.Build.0 = Release|Any CPU
		{59DE4977-8C79-48FD-8274-FF4035D18D6D}.Release|x86.Deploy.0 = Release|Any CPU
		{2B0EC857-29A8-4F8E-A946-99E148FB2FF4}.Ad-Hoc|Any CPU.ActiveCfg = Ad-Hoc|iPhone
		{2B0EC857-29A8-4F8E-A946-99E148FB2FF4}.Ad-Hoc|ARM.ActiveCfg = Ad-Hoc|iPhone
		{2B0EC857-29A8-4F8E-A946-99E148FB2FF4}.Ad-Hoc|iPhone.ActiveCfg = Ad-Hoc|iPhone
		{2B0EC857-29A8-4F8E-A946-99E148FB2FF4}.Ad-Hoc|iPhone.Build.0 = Ad-Hoc|iPhone
		{2B0EC857-29A8-4F8E-A946-99E148FB2FF4}.Ad-Hoc|iPhoneSimulator.ActiveCfg = Ad-Hoc|iPhoneSimulator
		{2B0EC857-29A8-4F8E-A946-99E148FB2FF4}.Ad-Hoc|iPhoneSimulator.Build.0 = Ad-Hoc|iPhoneSimulator
		{2B0EC857-29A8-4F8E-A946-99E148FB2FF4}.Ad-Hoc|x64.ActiveCfg = Ad-Hoc|iPhone
		{2B0EC857-29A8-4F8E-A946-99E148FB2FF4}.Ad-Hoc|x86.ActiveCfg = Ad-Hoc|iPhone
		{2B0EC857-29A8-4F8E-A946-99E148FB2FF4}.AppStore|Any CPU.ActiveCfg = AppStore|iPhone
		{2B0EC857-29A8-4F8E-A946-99E148FB2FF4}.AppStore|ARM.ActiveCfg = AppStore|iPhone
		{2B0EC857-29A8-4F8E-A946-99E148FB2FF4}.AppStore|iPhone.ActiveCfg = AppStore|iPhone
		{2B0EC857-29A8-4F8E-A946-99E148FB2FF4}.AppStore|iPhone.Build.0 = AppStore|iPhone
		{2B0EC857-29A8-4F8E-A946-99E148FB2FF4}.AppStore|iPhoneSimulator.ActiveCfg = AppStore|iPhoneSimulator
		{2B0EC857-29A8-4F8E-A946-99E148FB2FF4}.AppStore|iPhoneSimulator.Build.0 = AppStore|iPhoneSimulator
		{2B0EC857-29A8-4F8E-A946-99E148FB2FF4}.AppStore|x64.ActiveCfg = AppStore|iPhone
		{2B0EC857-29A8-4F8E-A946-99E148FB2FF4}.AppStore|x86.ActiveCfg = AppStore|iPhone
		{2B0EC857-29A8-4F8E-A946-99E148FB2FF4}.Debug|Any CPU.ActiveCfg = Debug|iPhone
		{2B0EC857-29A8-4F8E-A946-99E148FB2FF4}.Debug|ARM.ActiveCfg = Debug|iPhone
		{2B0EC857-29A8-4F8E-A946-99E148FB2FF4}.Debug|iPhone.ActiveCfg = Debug|iPhone
		{2B0EC857-29A8-4F8E-A946-99E148FB2FF4}.Debug|iPhone.Build.0 = Debug|iPhone
		{2B0EC857-29A8-4F8E-A946-99E148FB2FF4}.Debug|iPhoneSimulator.ActiveCfg = Debug|iPhoneSimulator
		{2B0EC857-29A8-4F8E-A946-99E148FB2FF4}.Debug|iPhoneSimulator.Build.0 = Debug|iPhoneSimulator
		{2B0EC857-29A8-4F8E-A946-99E148FB2FF4}.Debug|x64.ActiveCfg = Debug|iPhone
		{2B0EC857-29A8-4F8E-A946-99E148FB2FF4}.Debug|x86.ActiveCfg = Debug|iPhone
		{2B0EC857-29A8-4F8E-A946-99E148FB2FF4}.Release|Any CPU.ActiveCfg = Release|iPhone
		{2B0EC857-29A8-4F8E-A946-99E148FB2FF4}.Release|ARM.ActiveCfg = Release|iPhone
		{2B0EC857-29A8-4F8E-A946-99E148FB2FF4}.Release|iPhone.ActiveCfg = Release|iPhone
		{2B0EC857-29A8-4F8E-A946-99E148FB2FF4}.Release|iPhone.Build.0 = Release|iPhone
		{2B0EC857-29A8-4F8E-A946-99E148FB2FF4}.Release|iPhoneSimulator.ActiveCfg = Release|iPhoneSimulator
		{2B0EC857-29A8-4F8E-A946-99E148FB2FF4}.Release|iPhoneSimulator.Build.0 = Release|iPhoneSimulator
		{2B0EC857-29A8-4F8E-A946-99E148FB2FF4}.Release|x64.ActiveCfg = Release|iPhone
		{2B0EC857-29A8-4F8E-A946-99E148FB2FF4}.Release|x86.ActiveCfg = Release|iPhone
	EndGlobalSection
	GlobalSection(SolutionProperties) = preSolution
		HideSolutionNode = FALSE
	EndGlobalSection
EndGlobal
